
Microsoft Visual Studio Solution File, Format Version 12.00
# Visual Studio Version 17
VisualStudioVersion = 17.4.33205.214
MinimumVisualStudioVersion = 10.0.40219.1
Project("{FAE04EC0-301F-11D3-BF4B-00C04F79EFBC}") = "MusicStore", "MusicStore.csproj", "{DBB90D7C-CEE7-499C-B901-85CEF6B3D87D}"
EndProject
Global
	GlobalSection(SolutionConfigurationPlatforms) = preSolution
		Debug|Any CPU = Debug|Any CPU
		Release|Any CPU = Release|Any CPU
	EndGlobalSection
	GlobalSection(ProjectConfigurationPlatforms) = postSolution
		{DBB90D7C-CEE7-499C-B901-85CEF6B3D87D}.Debug|Any CPU.ActiveCfg = Debug|Any CPU
		{DBB90D7C-CEE7-499C-B901-85CEF6B3D87D}.Debug|Any CPU.Build.0 = Debug|Any CPU
		{DBB90D7C-CEE7-499C-B901-85CEF6B3D87D}.Release|Any CPU.ActiveCfg = Release|Any CPU
		{DBB90D7C-CEE7-499C-B901-85CEF6B3D87D}.Release|Any CPU.Build.0 = Release|Any CPU
	EndGlobalSection
	GlobalSection(SolutionProperties) = preSolution
		HideSolutionNode = FALSE
	EndGlobalSection
	GlobalSection(ExtensibilityGlobals) = postSolution
		SolutionGuid = {4F6683D1-6471-459C-B5F2-121F5E8A442A}
	EndGlobalSection
EndGlobal
